// !$*UTF8*$!
{
	archiveVersion = 1;
	classes = {
	};
	objectVersion = 46;
	objects = {

/* Begin PBXBuildFile section */
		5015F3771EA1FA170057D3FC /* Wallet.plist in Resources */ = {isa = PBXBuildFile; fileRef = 5015F3761EA1FA170057D3FC /* Wallet.plist */; };
		5015F3791EA1FB7B0057D3FC /* WalletUtility.swift in Sources */ = {isa = PBXBuildFile; fileRef = 5015F3781EA1FB7B0057D3FC /* WalletUtility.swift */; };
		5015F3851EA200EA0057D3FC /* WalletModel.swift in Sources */ = {isa = PBXBuildFile; fileRef = 5015F3841EA200EA0057D3FC /* WalletModel.swift */; };
		5032DE181EB5FA8D00A47831 /* WalletViewCell.swift in Sources */ = {isa = PBXBuildFile; fileRef = 5032DE171EB5FA8D00A47831 /* WalletViewCell.swift */; };
		D1729D661E641609009973BA /* AppDelegate.swift in Sources */ = {isa = PBXBuildFile; fileRef = D1729D651E641609009973BA /* AppDelegate.swift */; };
		D1729D681E641609009973BA /* FirstViewController.swift in Sources */ = {isa = PBXBuildFile; fileRef = D1729D671E641609009973BA /* FirstViewController.swift */; };
		D1729D6A1E641609009973BA /* SecondViewController.swift in Sources */ = {isa = PBXBuildFile; fileRef = D1729D691E641609009973BA /* SecondViewController.swift */; };
		D1729D6D1E641609009973BA /* Main.storyboard in Resources */ = {isa = PBXBuildFile; fileRef = D1729D6B1E641609009973BA /* Main.storyboard */; };
		D1729D6F1E641609009973BA /* Assets.xcassets in Resources */ = {isa = PBXBuildFile; fileRef = D1729D6E1E641609009973BA /* Assets.xcassets */; };
		D1729D721E641609009973BA /* LaunchScreen.storyboard in Resources */ = {isa = PBXBuildFile; fileRef = D1729D701E641609009973BA /* LaunchScreen.storyboard */; };
		D1729D7D1E64160A009973BA /* SodexoWalletTests.swift in Sources */ = {isa = PBXBuildFile; fileRef = D1729D7C1E64160A009973BA /* SodexoWalletTests.swift */; };
		D1729D881E64160A009973BA /* SodexoWalletUITests.swift in Sources */ = {isa = PBXBuildFile; fileRef = D1729D871E64160A009973BA /* SodexoWalletUITests.swift */; };
/* End PBXBuildFile section */

/* Begin PBXContainerItemProxy section */
		D1729D791E64160A009973BA /* PBXContainerItemProxy */ = {
			isa = PBXContainerItemProxy;
			containerPortal = D1729D5A1E641609009973BA /* Project object */;
			proxyType = 1;
			remoteGlobalIDString = D1729D611E641609009973BA;
			remoteInfo = SodexoWallet;
		};
		D1729D841E64160A009973BA /* PBXContainerItemProxy */ = {
			isa = PBXContainerItemProxy;
			containerPortal = D1729D5A1E641609009973BA /* Project object */;
			proxyType = 1;
			remoteGlobalIDString = D1729D611E641609009973BA;
			remoteInfo = SodexoWallet;
		};
/* End PBXContainerItemProxy section */

/* Begin PBXFileReference section */
		5015F3761EA1FA170057D3FC /* Wallet.plist */ = {isa = PBXFileReference; fileEncoding = 4; lastKnownFileType = text.plist.xml; path = Wallet.plist; sourceTree = "<group>"; };
		5015F3781EA1FB7B0057D3FC /* WalletUtility.swift */ = {isa = PBXFileReference; fileEncoding = 4; lastKnownFileType = sourcecode.swift; path = WalletUtility.swift; sourceTree = "<group>"; };
		5015F3841EA200EA0057D3FC /* WalletModel.swift */ = {isa = PBXFileReference; fileEncoding = 4; lastKnownFileType = sourcecode.swift; path = WalletModel.swift; sourceTree = "<group>"; };
		5032DE171EB5FA8D00A47831 /* WalletViewCell.swift */ = {isa = PBXFileReference; fileEncoding = 4; lastKnownFileType = sourcecode.swift; path = WalletViewCell.swift; sourceTree = "<group>"; };
		D1729D621E641609009973BA /* SodexoWallet.app */ = {isa = PBXFileReference; explicitFileType = wrapper.application; includeInIndex = 0; path = SodexoWallet.app; sourceTree = BUILT_PRODUCTS_DIR; };
		D1729D651E641609009973BA /* AppDelegate.swift */ = {isa = PBXFileReference; lastKnownFileType = sourcecode.swift; path = AppDelegate.swift; sourceTree = "<group>"; };
		D1729D671E641609009973BA /* FirstViewController.swift */ = {isa = PBXFileReference; lastKnownFileType = sourcecode.swift; path = FirstViewController.swift; sourceTree = "<group>"; };
		D1729D691E641609009973BA /* SecondViewController.swift */ = {isa = PBXFileReference; lastKnownFileType = sourcecode.swift; path = SecondViewController.swift; sourceTree = "<group>"; };
		D1729D6C1E641609009973BA /* Base */ = {isa = PBXFileReference; lastKnownFileType = file.storyboard; name = Base; path = Base.lproj/Main.storyboard; sourceTree = "<group>"; };
		D1729D6E1E641609009973BA /* Assets.xcassets */ = {isa = PBXFileReference; lastKnownFileType = folder.assetcatalog; path = Assets.xcassets; sourceTree = "<group>"; };
		D1729D711E641609009973BA /* Base */ = {isa = PBXFileReference; lastKnownFileType = file.storyboard; name = Base; path = Base.lproj/LaunchScreen.storyboard; sourceTree = "<group>"; };
		D1729D731E641609009973BA /* Info.plist */ = {isa = PBXFileReference; lastKnownFileType = text.plist.xml; path = Info.plist; sourceTree = "<group>"; };
		D1729D781E64160A009973BA /* SodexoWalletTests.xctest */ = {isa = PBXFileReference; explicitFileType = wrapper.cfbundle; includeInIndex = 0; path = SodexoWalletTests.xctest; sourceTree = BUILT_PRODUCTS_DIR; };
		D1729D7C1E64160A009973BA /* SodexoWalletTests.swift */ = {isa = PBXFileReference; lastKnownFileType = sourcecode.swift; path = SodexoWalletTests.swift; sourceTree = "<group>"; };
		D1729D7E1E64160A009973BA /* Info.plist */ = {isa = PBXFileReference; lastKnownFileType = text.plist.xml; path = Info.plist; sourceTree = "<group>"; };
		D1729D831E64160A009973BA /* SodexoWalletUITests.xctest */ = {isa = PBXFileReference; explicitFileType = wrapper.cfbundle; includeInIndex = 0; path = SodexoWalletUITests.xctest; sourceTree = BUILT_PRODUCTS_DIR; };
		D1729D871E64160A009973BA /* SodexoWalletUITests.swift */ = {isa = PBXFileReference; lastKnownFileType = sourcecode.swift; path = SodexoWalletUITests.swift; sourceTree = "<group>"; };
		D1729D891E64160A009973BA /* Info.plist */ = {isa = PBXFileReference; lastKnownFileType = text.plist.xml; path = Info.plist; sourceTree = "<group>"; };
/* End PBXFileReference section */

/* Begin PBXFrameworksBuildPhase section */
		D1729D5F1E641609009973BA /* Frameworks */ = {
			isa = PBXFrameworksBuildPhase;
			buildActionMask = 2147483647;
			files = (
			);
			runOnlyForDeploymentPostprocessing = 0;
		};
		D1729D751E64160A009973BA /* Frameworks */ = {
			isa = PBXFrameworksBuildPhase;
			buildActionMask = 2147483647;
			files = (
			);
			runOnlyForDeploymentPostprocessing = 0;
		};
		D1729D801E64160A009973BA /* Frameworks */ = {
			isa = PBXFrameworksBuildPhase;
			buildActionMask = 2147483647;
			files = (
			);
			runOnlyForDeploymentPostprocessing = 0;
		};
/* End PBXFrameworksBuildPhase section */

/* Begin PBXGroup section */
		D1729D591E641609009973BA = {
			isa = PBXGroup;
			children = (
				D1729D641E641609009973BA /* SodexoWallet */,
				D1729D7B1E64160A009973BA /* SodexoWalletTests */,
				D1729D861E64160A009973BA /* SodexoWalletUITests */,
				D1729D631E641609009973BA /* Products */,
			);
			sourceTree = "<group>";
		};
		D1729D631E641609009973BA /* Products */ = {
			isa = PBXGroup;
			children = (
				D1729D621E641609009973BA /* SodexoWallet.app */,
				D1729D781E64160A009973BA /* SodexoWalletTests.xctest */,
				D1729D831E64160A009973BA /* SodexoWalletUITests.xctest */,
			);
			name = Products;
			sourceTree = "<group>";
		};
		D1729D641E641609009973BA /* SodexoWallet */ = {
			isa = PBXGroup;
			children = (
				D1729D651E641609009973BA /* AppDelegate.swift */,
				D1729D671E641609009973BA /* FirstViewController.swift */,
				D1729D691E641609009973BA /* SecondViewController.swift */,
				D1729D6B1E641609009973BA /* Main.storyboard */,
				D1729D6E1E641609009973BA /* Assets.xcassets */,
				D1729D701E641609009973BA /* LaunchScreen.storyboard */,
				D1729D731E641609009973BA /* Info.plist */,
				5015F3761EA1FA170057D3FC /* Wallet.plist */,
				5015F3781EA1FB7B0057D3FC /* WalletUtility.swift */,
				5015F3841EA200EA0057D3FC /* WalletModel.swift */,
				5032DE171EB5FA8D00A47831 /* WalletViewCell.swift */,
			);
			path = SodexoWallet;
			sourceTree = "<group>";
		};
		D1729D7B1E64160A009973BA /* SodexoWalletTests */ = {
			isa = PBXGroup;
			children = (
				D1729D7C1E64160A009973BA /* SodexoWalletTests.swift */,
				D1729D7E1E64160A009973BA /* Info.plist */,
			);
			path = SodexoWalletTests;
			sourceTree = "<group>";
		};
		D1729D861E64160A009973BA /* SodexoWalletUITests */ = {
			isa = PBXGroup;
			children = (
				D1729D871E64160A009973BA /* SodexoWalletUITests.swift */,
				D1729D891E64160A009973BA /* Info.plist */,
			);
			path = SodexoWalletUITests;
			sourceTree = "<group>";
		};
/* End PBXGroup section */

/* Begin PBXNativeTarget section */
		D1729D611E641609009973BA /* SodexoWallet */ = {
			isa = PBXNativeTarget;
			buildConfigurationList = D1729D8C1E64160A009973BA /* Build configuration list for PBXNativeTarget "SodexoWallet" */;
			buildPhases = (
				D1729D5E1E641609009973BA /* Sources */,
				D1729D5F1E641609009973BA /* Frameworks */,
				D1729D601E641609009973BA /* Resources */,
			);
			buildRules = (
			);
			dependencies = (
			);
			name = SodexoWallet;
			productName = SodexoWallet;
			productReference = D1729D621E641609009973BA /* SodexoWallet.app */;
			productType = "com.apple.product-type.application";
		};
		D1729D771E64160A009973BA /* SodexoWalletTests */ = {
			isa = PBXNativeTarget;
			buildConfigurationList = D1729D8F1E64160A009973BA /* Build configuration list for PBXNativeTarget "SodexoWalletTests" */;
			buildPhases = (
				D1729D741E64160A009973BA /* Sources */,
				D1729D751E64160A009973BA /* Frameworks */,
				D1729D761E64160A009973BA /* Resources */,
			);
			buildRules = (
			);
			dependencies = (
				D1729D7A1E64160A009973BA /* PBXTargetDependency */,
			);
			name = SodexoWalletTests;
			productName = SodexoWalletTests;
			productReference = D1729D781E64160A009973BA /* SodexoWalletTests.xctest */;
			productType = "com.apple.product-type.bundle.unit-test";
		};
		D1729D821E64160A009973BA /* SodexoWalletUITests */ = {
			isa = PBXNativeTarget;
			buildConfigurationList = D1729D921E64160A009973BA /* Build configuration list for PBXNativeTarget "SodexoWalletUITests" */;
			buildPhases = (
				D1729D7F1E64160A009973BA /* Sources */,
				D1729D801E64160A009973BA /* Frameworks */,
				D1729D811E64160A009973BA /* Resources */,
			);
			buildRules = (
			);
			dependencies = (
				D1729D851E64160A009973BA /* PBXTargetDependency */,
			);
			name = SodexoWalletUITests;
			productName = SodexoWalletUITests;
			productReference = D1729D831E64160A009973BA /* SodexoWalletUITests.xctest */;
			productType = "com.apple.product-type.bundle.ui-testing";
		};
/* End PBXNativeTarget section */

/* Begin PBXProject section */
		D1729D5A1E641609009973BA /* Project object */ = {
			isa = PBXProject;
			attributes = {
				LastSwiftUpdateCheck = 0820;
				LastUpgradeCheck = 0820;
				ORGANIZATIONNAME = SwiftBengaluru;
				TargetAttributes = {
					D1729D611E641609009973BA = {
						CreatedOnToolsVersion = 8.2.1;
						ProvisioningStyle = Automatic;
					};
					D1729D771E64160A009973BA = {
						CreatedOnToolsVersion = 8.2.1;
						ProvisioningStyle = Automatic;
						TestTargetID = D1729D611E641609009973BA;
					};
					D1729D821E64160A009973BA = {
						CreatedOnToolsVersion = 8.2.1;
						ProvisioningStyle = Automatic;
						TestTargetID = D1729D611E641609009973BA;
					};
				};
			};
			buildConfigurationList = D1729D5D1E641609009973BA /* Build configuration list for PBXProject "SodexoWallet" */;
			compatibilityVersion = "Xcode 3.2";
			developmentRegion = English;
			hasScannedForEncodings = 0;
			knownRegions = (
				en,
				Base,
			);
			mainGroup = D1729D591E641609009973BA;
			productRefGroup = D1729D631E641609009973BA /* Products */;
			projectDirPath = "";
			projectRoot = "";
			targets = (
				D1729D611E641609009973BA /* SodexoWallet */,
				D1729D771E64160A009973BA /* SodexoWalletTests */,
				D1729D821E64160A009973BA /* SodexoWalletUITests */,
			);
		};
/* End PBXProject section */

/* Begin PBXResourcesBuildPhase section */
		D1729D601E641609009973BA /* Resources */ = {
			isa = PBXResourcesBuildPhase;
			buildActionMask = 2147483647;
			files = (
				D1729D721E641609009973BA /* LaunchScreen.storyboard in Resources */,
				D1729D6F1E641609009973BA /* Assets.xcassets in Resources */,
				D1729D6D1E641609009973BA /* Main.storyboard in Resources */,
				5015F3771EA1FA170057D3FC /* Wallet.plist in Resources */,
			);
			runOnlyForDeploymentPostprocessing = 0;
		};
		D1729D761E64160A009973BA /* Resources */ = {
			isa = PBXResourcesBuildPhase;
			buildActionMask = 2147483647;
			files = (
			);
			runOnlyForDeploymentPostprocessing = 0;
		};
		D1729D811E64160A009973BA /* Resources */ = {
			isa = PBXResourcesBuildPhase;
			buildActionMask = 2147483647;
			files = (
			);
			runOnlyForDeploymentPostprocessing = 0;
		};
/* End PBXResourcesBuildPhase section */

/* Begin PBXSourcesBuildPhase section */
		D1729D5E1E641609009973BA /* Sources */ = {
			isa = PBXSourcesBuildPhase;
			buildActionMask = 2147483647;
			files = (
				5015F3851EA200EA0057D3FC /* WalletModel.swift in Sources */,
				5032DE181EB5FA8D00A47831 /* WalletViewCell.swift in Sources */,
				D1729D6A1E641609009973BA /* SecondViewController.swift in Sources */,
				D1729D661E641609009973BA /* AppDelegate.swift in Sources */,
				D1729D681E641609009973BA /* FirstViewController.swift in Sources */,
				5015F3791EA1FB7B0057D3FC /* WalletUtility.swift in Sources */,
			);
			runOnlyForDeploymentPostprocessing = 0;
		};
		D1729D741E64160A009973BA /* Sources */ = {
			isa = PBXSourcesBuildPhase;
			buildActionMask = 2147483647;
			files = (
				D1729D7D1E64160A009973BA /* SodexoWalletTests.swift in Sources */,
			);
			runOnlyForDeploymentPostprocessing = 0;
		};
		D1729D7F1E64160A009973BA /* Sources */ = {
			isa = PBXSourcesBuildPhase;
			buildActionMask = 2147483647;
			files = (
				D1729D881E64160A009973BA /* SodexoWalletUITests.swift in Sources */,
			);
			runOnlyForDeploymentPostprocessing = 0;
		};
/* End PBXSourcesBuildPhase section */

/* Begin PBXTargetDependency section */
		D1729D7A1E64160A009973BA /* PBXTargetDependency */ = {
			isa = PBXTargetDependency;
			target = D1729D611E641609009973BA /* SodexoWallet */;
			targetProxy = D1729D791E64160A009973BA /* PBXContainerItemProxy */;
		};
		D1729D851E64160A009973BA /* PBXTargetDependency */ = {
			isa = PBXTargetDependency;
			target = D1729D611E641609009973BA /* SodexoWallet */;
			targetProxy = D1729D841E64160A009973BA /* PBXContainerItemProxy */;
		};
/* End PBXTargetDependency section */

/* Begin PBXVariantGroup section */
		D1729D6B1E641609009973BA /* Main.storyboard */ = {
			isa = PBXVariantGroup;
			children = (
				D1729D6C1E641609009973BA /* Base */,
			);
			name = Main.storyboard;
			sourceTree = "<group>";
		};
		D1729D701E641609009973BA /* LaunchScreen.storyboard */ = {
			isa = PBXVariantGroup;
			children = (
				D1729D711E641609009973BA /* Base */,
			);
			name = LaunchScreen.storyboard;
			sourceTree = "<group>";
		};
/* End PBXVariantGroup section */

/* Begin XCBuildConfiguration section */
		D1729D8A1E64160A009973BA /* Debug */ = {
			isa = XCBuildConfiguration;
			buildSettings = {
				ALWAYS_SEARCH_USER_PATHS = NO;
				CLANG_ANALYZER_NONNULL = YES;
				CLANG_CXX_LANGUAGE_STANDARD = "gnu++0x";
				CLANG_CXX_LIBRARY = "libc++";
				CLANG_ENABLE_MODULES = YES;
				CLANG_ENABLE_OBJC_ARC = YES;
				CLANG_WARN_BOOL_CONVERSION = YES;
				CLANG_WARN_CONSTANT_CONVERSION = YES;
				CLANG_WARN_DIRECT_OBJC_ISA_USAGE = YES_ERROR;
				CLANG_WARN_DOCUMENTATION_COMMENTS = YES;
				CLANG_WARN_EMPTY_BODY = YES;
				CLANG_WARN_ENUM_CONVERSION = YES;
				CLANG_WARN_INFINITE_RECURSION = YES;
				CLANG_WARN_INT_CONVERSION = YES;
				CLANG_WARN_OBJC_ROOT_CLASS = YES_ERROR;
				CLANG_WARN_SUSPICIOUS_MOVE = YES;
				CLANG_WARN_UNREACHABLE_CODE = YES;
				CLANG_WARN__DUPLICATE_METHOD_MATCH = YES;
				"CODE_SIGN_IDENTITY[sdk=iphoneos*]" = "iPhone Developer";
				COPY_PHASE_STRIP = NO;
				DEBUG_INFORMATION_FORMAT = dwarf;
				ENABLE_STRICT_OBJC_MSGSEND = YES;
				ENABLE_TESTABILITY = YES;
				GCC_C_LANGUAGE_STANDARD = gnu99;
				GCC_DYNAMIC_NO_PIC = NO;
				GCC_NO_COMMON_BLOCKS = YES;
				GCC_OPTIMIZATION_LEVEL = 0;
				GCC_PREPROCESSOR_DEFINITIONS = (
					"DEBUG=1",
					"$(inherited)",
				);
				GCC_WARN_64_TO_32_BIT_CONVERSION = YES;
				GCC_WARN_ABOUT_RETURN_TYPE = YES_ERROR;
				GCC_WARN_UNDECLARED_SELECTOR = YES;
				GCC_WARN_UNINITIALIZED_AUTOS = YES_AGGRESSIVE;
				GCC_WARN_UNUSED_FUNCTION = YES;
				GCC_WARN_UNUSED_VARIABLE = YES;
				IPHONEOS_DEPLOYMENT_TARGET = 10.2;
				MTL_ENABLE_DEBUG_INFO = YES;
				ONLY_ACTIVE_ARCH = YES;
				SDKROOT = iphoneos;
				SWIFT_ACTIVE_COMPILATION_CONDITIONS = DEBUG;
				SWIFT_OPTIMIZATION_LEVEL = "-Onone";
				TARGETED_DEVICE_FAMILY = "1,2";
			};
			name = Debug;
		};
		D1729D8B1E64160A009973BA /* Release */ = {
			isa = XCBuildConfiguration;
			buildSettings = {
				ALWAYS_SEARCH_USER_PATHS = NO;
				CLANG_ANALYZER_NONNULL = YES;
				CLANG_CXX_LANGUAGE_STANDARD = "gnu++0x";
				CLANG_CXX_LIBRARY = "libc++";
				CLANG_ENABLE_MODULES = YES;
				CLANG_ENABLE_OBJC_ARC = YES;
				CLANG_WARN_BOOL_CONVERSION = YES;
				CLANG_WARN_CONSTANT_CONVERSION = YES;
				CLANG_WARN_DIRECT_OBJC_ISA_USAGE = YES_ERROR;
				CLANG_WARN_DOCUMENTATION_COMMENTS = YES;
				CLANG_WARN_EMPTY_BODY = YES;
				CLANG_WARN_ENUM_CONVERSION = YES;
				CLANG_WARN_INFINITE_RECURSION = YES;
				CLANG_WARN_INT_CONVERSION = YES;
				CLANG_WARN_OBJC_ROOT_CLASS = YES_ERROR;
				CLANG_WARN_SUSPICIOUS_MOVE = YES;
				CLANG_WARN_UNREACHABLE_CODE = YES;
				CLANG_WARN__DUPLICATE_METHOD_MATCH = YES;
				"CODE_SIGN_IDENTITY[sdk=iphoneos*]" = "iPhone Developer";
				COPY_PHASE_STRIP = NO;
				DEBUG_INFORMATION_FORMAT = "dwarf-with-dsym";
				ENABLE_NS_ASSERTIONS = NO;
				ENABLE_STRICT_OBJC_MSGSEND = YES;
				GCC_C_LANGUAGE_STANDARD = gnu99;
				GCC_NO_COMMON_BLOCKS = YES;
				GCC_WARN_64_TO_32_BIT_CONVERSION = YES;
				GCC_WARN_ABOUT_RETURN_TYPE = YES_ERROR;
				GCC_WARN_UNDECLARED_SELECTOR = YES;
				GCC_WARN_UNINITIALIZED_AUTOS = YES_AGGRESSIVE;
				GCC_WARN_UNUSED_FUNCTION = YES;
				GCC_WARN_UNUSED_VARIABLE = YES;
				IPHONEOS_DEPLOYMENT_TARGET = 10.2;
				MTL_ENABLE_DEBUG_INFO = NO;
				SDKROOT = iphoneos;
				SWIFT_OPTIMIZATION_LEVEL = "-Owholemodule";
				TARGETED_DEVICE_FAMILY = "1,2";
				VALIDATE_PRODUCT = YES;
			};
			name = Release;
		};
		D1729D8D1E64160A009973BA /* Debug */ = {
			isa = XCBuildConfiguration;
			buildSettings = {
				ASSETCATALOG_COMPILER_APPICON_NAME = AppIcon;
				INFOPLIST_FILE = SodexoWallet/Info.plist;
				LD_RUNPATH_SEARCH_PATHS = "$(inherited) @executable_path/Frameworks";
				PRODUCT_BUNDLE_IDENTIFIER = SwiftBengaluru.SodexoWallet;
				PRODUCT_NAME = "$(TARGET_NAME)";
				SWIFT_VERSION = 3.0;
			};
			name = Debug;
		};
		D1729D8E1E64160A009973BA /* Release */ = {
			isa = XCBuildConfiguration;
			buildSettings = {
				ASSETCATALOG_COMPILER_APPICON_NAME = AppIcon;
				INFOPLIST_FILE = SodexoWallet/Info.plist;
				LD_RUNPATH_SEARCH_PATHS = "$(inherited) @executable_path/Frameworks";
				PRODUCT_BUNDLE_IDENTIFIER = SwiftBengaluru.SodexoWallet;
				PRODUCT_NAME = "$(TARGET_NAME)";
				SWIFT_VERSION = 3.0;
			};
			name = Release;
		};
		D1729D901E64160A009973BA /* Debug */ = {
			isa = XCBuildConfiguration;
			buildSettings = {
				ALWAYS_EMBED_SWIFT_STANDARD_LIBRARIES = YES;
				BUNDLE_LOADER = "$(TEST_HOST)";
				INFOPLIST_FILE = SodexoWalletTests/Info.plist;
				LD_RUNPATH_SEARCH_PATHS = "$(inherited) @executable_path/Frameworks @loader_path/Frameworks";
				PRODUCT_BUNDLE_IDENTIFIER = SwiftBengaluru.SodexoWalletTests;
				PRODUCT_NAME = "$(TARGET_NAME)";
				SWIFT_VERSION = 3.0;
				TEST_HOST = "$(BUILT_PRODUCTS_DIR)/SodexoWallet.app/SodexoWallet";
			};
			name = Debug;
		};
		D1729D911E64160A009973BA /* Release */ = {
			isa = XCBuildConfiguration;
			buildSettings = {
				ALWAYS_EMBED_SWIFT_STANDARD_LIBRARIES = YES;
				BUNDLE_LOADER = "$(TEST_HOST)";
				INFOPLIST_FILE = SodexoWalletTests/Info.plist;
				LD_RUNPATH_SEARCH_PATHS = "$(inherited) @executable_path/Frameworks @loader_path/Frameworks";
				PRODUCT_BUNDLE_IDENTIFIER = SwiftBengaluru.SodexoWalletTests;
				PRODUCT_NAME = "$(TARGET_NAME)";
				SWIFT_VERSION = 3.0;
				TEST_HOST = "$(BUILT_PRODUCTS_DIR)/SodexoWallet.app/SodexoWallet";
			};
			name = Release;
		};
		D1729D931E64160A009973BA /* Debug */ = {
			isa = XCBuildConfiguration;
			buildSettings = {
				ALWAYS_EMBED_SWIFT_STANDARD_LIBRARIES = YES;
				INFOPLIST_FILE = SodexoWalletUITests/Info.plist;
				LD_RUNPATH_SEARCH_PATHS = "$(inherited) @executable_path/Frameworks @loader_path/Frameworks";
				PRODUCT_BUNDLE_IDENTIFIER = SwiftBengaluru.SodexoWalletUITests;
				PRODUCT_NAME = "$(TARGET_NAME)";
				SWIFT_VERSION = 3.0;
				TEST_TARGET_NAME = SodexoWallet;
			};
			name = Debug;
		};
		D1729D941E64160A009973BA /* Release */ = {
			isa = XCBuildConfiguration;
			buildSettings = {
				ALWAYS_EMBED_SWIFT_STANDARD_LIBRARIES = YES;
				INFOPLIST_FILE = SodexoWalletUITests/Info.plist;
				LD_RUNPATH_SEARCH_PATHS = "$(inherited) @executable_path/Frameworks @loader_path/Frameworks";
				PRODUCT_BUNDLE_IDENTIFIER = SwiftBengaluru.SodexoWalletUITests;
				PRODUCT_NAME = "$(TARGET_NAME)";
				SWIFT_VERSION = 3.0;
				TEST_TARGET_NAME = SodexoWallet;
			};
			name = Release;
		};
/* End XCBuildConfiguration section */

/* Begin XCConfigurationList section */
		D1729D5D1E641609009973BA /* Build configuration list for PBXProject "SodexoWallet" */ = {
			isa = XCConfigurationList;
			buildConfigurations = (
				D1729D8A1E64160A009973BA /* Debug */,
				D1729D8B1E64160A009973BA /* Release */,
			);
			defaultConfigurationIsVisible = 0;
			defaultConfigurationName = Release;
		};
		D1729D8C1E64160A009973BA /* Build configuration list for PBXNativeTarget "SodexoWallet" */ = {
			isa = XCConfigurationList;
			buildConfigurations = (
				D1729D8D1E64160A009973BA /* Debug */,
				D1729D8E1E64160A009973BA /* Release */,
			);
			defaultConfigurationIsVisible = 0;
			defaultConfigurationName = Release;
		};
		D1729D8F1E64160A009973BA /* Build configuration list for PBXNativeTarget "SodexoWalletTests" */ = {
			isa = XCConfigurationList;
			buildConfigurations = (
				D1729D901E64160A009973BA /* Debug */,
				D1729D911E64160A009973BA /* Release */,
			);
			defaultConfigurationIsVisible = 0;
			defaultConfigurationName = Release;
		};
		D1729D921E64160A009973BA /* Build configuration list for PBXNativeTarget "SodexoWalletUITests" */ = {
			isa = XCConfigurationList;
			buildConfigurations = (
				D1729D931E64160A009973BA /* Debug */,
				D1729D941E64160A009973BA /* Release */,
			);
			defaultConfigurationIsVisible = 0;
			defaultConfigurationName = Release;
		};
/* End XCConfigurationList section */
	};
	rootObject = D1729D5A1E641609009973BA /* Project object */;
}
